
Microsoft Visual Studio Solution File, Format Version 12.00
# Visual Studio Version 16
VisualStudioVersion = 16.0.31729.503
MinimumVisualStudioVersion = 10.0.40219.1
Project("{FAE04EC0-301F-11D3-BF4B-00C04F79EFBC}") = "Reshenie 2", "Reshenie 2\Reshenie 2.csproj", "{1AC32F2E-CF4E-4071-BCB5-5C22FB3C09B1}"
EndProject
Global
	GlobalSection(SolutionConfigurationPlatforms) = preSolution
		Debug|Any CPU = Debug|Any CPU
		Release|Any CPU = Release|Any CPU
	EndGlobalSection
	GlobalSection(ProjectConfigurationPlatforms) = postSolution
		{1AC32F2E-CF4E-4071-BCB5-5C22FB3C09B1}.Debug|Any CPU.ActiveCfg = Debug|Any CPU
		{1AC32F2E-CF4E-4071-BCB5-5C22FB3C09B1}.Debug|Any CPU.Build.0 = Debug|Any CPU
		{1AC32F2E-CF4E-4071-BCB5-5C22FB3C09B1}.Release|Any CPU.ActiveCfg = Release|Any CPU
		{1AC32F2E-CF4E-4071-BCB5-5C22FB3C09B1}.Release|Any CPU.Build.0 = Release|Any CPU
	EndGlobalSection
	GlobalSection(SolutionProperties) = preSolution
		HideSolutionNode = FALSE
	EndGlobalSection
	GlobalSection(ExtensibilityGlobals) = postSolution
		SolutionGuid = {6D45393D-9BCE-4DFA-AD6C-3B4C9DB28F20}
	EndGlobalSection
EndGlobal
